// !$*UTF8*$!
{
	archiveVersion = 1;
	classes = {
	};
	objectVersion = 56;
	objects = {

/* Begin PBXBuildFile section */
		D11E02F82D701B5B0005FAAD /* UserRootViewController.swift in Sources */ = {isa = PBXBuildFile; fileRef = D11E02F72D701B5B0005FAAD /* UserRootViewController.swift */; };
		D11E02FA2D701C020005FAAD /* RunningMajorGameViewController.swift in Sources */ = {isa = PBXBuildFile; fileRef = D11E02F92D701C020005FAAD /* RunningMajorGameViewController.swift */; };
		D11E02FC2D7021390005FAAD /* NFTRoomViewController.swift in Sources */ = {isa = PBXBuildFile; fileRef = D11E02FB2D7021390005FAAD /* NFTRoomViewController.swift */; };
		D11E02FE2D70218F0005FAAD /* HackModeViewController.swift in Sources */ = {isa = PBXBuildFile; fileRef = D11E02FD2D70218F0005FAAD /* HackModeViewController.swift */; };
		D11E03002D7025120005FAAD /* CustomAlertViewController.swift in Sources */ = {isa = PBXBuildFile; fileRef = D11E02FF2D7025120005FAAD /* CustomAlertViewController.swift */; };
		D11E03022D70356B0005FAAD /* UserInformationManager.swift in Sources */ = {isa = PBXBuildFile; fileRef = D11E03012D70356B0005FAAD /* UserInformationManager.swift */; };
		D11E030E2D709FAE0005FAAD /* SnapKit in Frameworks */ = {isa = PBXBuildFile; productRef = D11E030D2D709FAE0005FAAD /* SnapKit */; };
		D1500D832D6EDE1D001DC4BF /* AppDelegate.swift in Sources */ = {isa = PBXBuildFile; fileRef = D1500D822D6EDE1D001DC4BF /* AppDelegate.swift */; };
		D1500D852D6EDE1D001DC4BF /* SceneDelegate.swift in Sources */ = {isa = PBXBuildFile; fileRef = D1500D842D6EDE1D001DC4BF /* SceneDelegate.swift */; };
		D1500D872D6EDE1D001DC4BF /* InitialEnteringViewController.swift in Sources */ = {isa = PBXBuildFile; fileRef = D1500D862D6EDE1D001DC4BF /* InitialEnteringViewController.swift */; };
		D1500D8A2D6EDE1D001DC4BF /* Main.storyboard in Resources */ = {isa = PBXBuildFile; fileRef = D1500D882D6EDE1D001DC4BF /* Main.storyboard */; };
		D1500D8D2D6EDE1D001DC4BF /* CryptoRunner.xcdatamodeld in Sources */ = {isa = PBXBuildFile; fileRef = D1500D8B2D6EDE1D001DC4BF /* CryptoRunner.xcdatamodeld */; };
		D1500D8F2D6EDE1E001DC4BF /* Assets.xcassets in Resources */ = {isa = PBXBuildFile; fileRef = D1500D8E2D6EDE1E001DC4BF /* Assets.xcassets */; };
		D1500D922D6EDE1E001DC4BF /* LaunchScreen.storyboard in Resources */ = {isa = PBXBuildFile; fileRef = D1500D902D6EDE1E001DC4BF /* LaunchScreen.storyboard */; };
		D1500DA32D6EE156001DC4BF /* nasalization-rg.otf in Resources */ = {isa = PBXBuildFile; fileRef = D1500DA22D6EE156001DC4BF /* nasalization-rg.otf */; };
/* End PBXBuildFile section */

/* Begin PBXFileReference section */
		D11E02F72D701B5B0005FAAD /* UserRootViewController.swift */ = {isa = PBXFileReference; lastKnownFileType = sourcecode.swift; path = UserRootViewController.swift; sourceTree = "<group>"; };
		D11E02F92D701C020005FAAD /* RunningMajorGameViewController.swift */ = {isa = PBXFileReference; lastKnownFileType = sourcecode.swift; path = RunningMajorGameViewController.swift; sourceTree = "<group>"; };
		D11E02FB2D7021390005FAAD /* NFTRoomViewController.swift */ = {isa = PBXFileReference; lastKnownFileType = sourcecode.swift; path = NFTRoomViewController.swift; sourceTree = "<group>"; };
		D11E02FD2D70218F0005FAAD /* HackModeViewController.swift */ = {isa = PBXFileReference; lastKnownFileType = sourcecode.swift; path = HackModeViewController.swift; sourceTree = "<group>"; };
		D11E02FF2D7025120005FAAD /* CustomAlertViewController.swift */ = {isa = PBXFileReference; lastKnownFileType = sourcecode.swift; path = CustomAlertViewController.swift; sourceTree = "<group>"; };
		D11E03012D70356B0005FAAD /* UserInformationManager.swift */ = {isa = PBXFileReference; lastKnownFileType = sourcecode.swift; path = UserInformationManager.swift; sourceTree = "<group>"; };
		D1500D7F2D6EDE1D001DC4BF /* CryptoRunner.app */ = {isa = PBXFileReference; explicitFileType = wrapper.application; includeInIndex = 0; path = CryptoRunner.app; sourceTree = BUILT_PRODUCTS_DIR; };
		D1500D822D6EDE1D001DC4BF /* AppDelegate.swift */ = {isa = PBXFileReference; lastKnownFileType = sourcecode.swift; path = AppDelegate.swift; sourceTree = "<group>"; };
		D1500D842D6EDE1D001DC4BF /* SceneDelegate.swift */ = {isa = PBXFileReference; lastKnownFileType = sourcecode.swift; path = SceneDelegate.swift; sourceTree = "<group>"; };
		D1500D862D6EDE1D001DC4BF /* InitialEnteringViewController.swift */ = {isa = PBXFileReference; lastKnownFileType = sourcecode.swift; path = InitialEnteringViewController.swift; sourceTree = "<group>"; };
		D1500D892D6EDE1D001DC4BF /* Base */ = {isa = PBXFileReference; lastKnownFileType = file.storyboard; name = Base; path = Base.lproj/Main.storyboard; sourceTree = "<group>"; };
		D1500D8C2D6EDE1D001DC4BF /* CryptoRunner.xcdatamodel */ = {isa = PBXFileReference; lastKnownFileType = wrapper.xcdatamodel; path = CryptoRunner.xcdatamodel; sourceTree = "<group>"; };
		D1500D8E2D6EDE1E001DC4BF /* Assets.xcassets */ = {isa = PBXFileReference; lastKnownFileType = folder.assetcatalog; path = Assets.xcassets; sourceTree = "<group>"; };
		D1500D912D6EDE1E001DC4BF /* Base */ = {isa = PBXFileReference; lastKnownFileType = file.storyboard; name = Base; path = Base.lproj/LaunchScreen.storyboard; sourceTree = "<group>"; };
		D1500D932D6EDE1E001DC4BF /* Info.plist */ = {isa = PBXFileReference; lastKnownFileType = text.plist.xml; path = Info.plist; sourceTree = "<group>"; };
		D1500DA22D6EE156001DC4BF /* nasalization-rg.otf */ = {isa = PBXFileReference; lastKnownFileType = file; path = "nasalization-rg.otf"; sourceTree = "<group>"; };
/* End PBXFileReference section */

/* Begin PBXFrameworksBuildPhase section */
		D1500D7C2D6EDE1D001DC4BF /* Frameworks */ = {
			isa = PBXFrameworksBuildPhase;
			buildActionMask = 2147483647;
			files = (
				D11E030E2D709FAE0005FAAD /* SnapKit in Frameworks */,
			);
			runOnlyForDeploymentPostprocessing = 0;
		};
/* End PBXFrameworksBuildPhase section */

/* Begin PBXGroup section */
		D1500D762D6EDE1D001DC4BF = {
			isa = PBXGroup;
			children = (
				D1500D812D6EDE1D001DC4BF /* CryptoRunner */,
				D1500D802D6EDE1D001DC4BF /* Products */,
			);
			sourceTree = "<group>";
		};
		D1500D802D6EDE1D001DC4BF /* Products */ = {
			isa = PBXGroup;
			children = (
				D1500D7F2D6EDE1D001DC4BF /* CryptoRunner.app */,
			);
			name = Products;
			sourceTree = "<group>";
		};
		D1500D812D6EDE1D001DC4BF /* CryptoRunner */ = {
			isa = PBXGroup;
			children = (
				D1500D992D6EDEE4001DC4BF /* Application */,
				D1500D9A2D6EDEF1001DC4BF /* Controller */,
				D1500D9B2D6EDF01001DC4BF /* Storyboards */,
				D1500D932D6EDE1E001DC4BF /* Info.plist */,
				D1500D9D2D6EE0BF001DC4BF /* nasalization */,
				D1500D9C2D6EDF14001DC4BF /* UserData */,
			);
			path = CryptoRunner;
			sourceTree = "<group>";
		};
		D1500D992D6EDEE4001DC4BF /* Application */ = {
			isa = PBXGroup;
			children = (
				D1500D822D6EDE1D001DC4BF /* AppDelegate.swift */,
				D1500D842D6EDE1D001DC4BF /* SceneDelegate.swift */,
				D1500D8E2D6EDE1E001DC4BF /* Assets.xcassets */,
			);
			path = Application;
			sourceTree = "<group>";
		};
		D1500D9A2D6EDEF1001DC4BF /* Controller */ = {
			isa = PBXGroup;
			children = (
				D1500D862D6EDE1D001DC4BF /* InitialEnteringViewController.swift */,
				D11E02F72D701B5B0005FAAD /* UserRootViewController.swift */,
				D11E02F92D701C020005FAAD /* RunningMajorGameViewController.swift */,
				D11E02FB2D7021390005FAAD /* NFTRoomViewController.swift */,
				D11E02FD2D70218F0005FAAD /* HackModeViewController.swift */,
				D11E02FF2D7025120005FAAD /* CustomAlertViewController.swift */,
			);
			path = Controller;
			sourceTree = "<group>";
		};
		D1500D9B2D6EDF01001DC4BF /* Storyboards */ = {
			isa = PBXGroup;
			children = (
				D1500D882D6EDE1D001DC4BF /* Main.storyboard */,
				D1500D902D6EDE1E001DC4BF /* LaunchScreen.storyboard */,
			);
			path = Storyboards;
			sourceTree = "<group>";
		};
		D1500D9C2D6EDF14001DC4BF /* UserData */ = {
			isa = PBXGroup;
			children = (
				D1500D8B2D6EDE1D001DC4BF /* CryptoRunner.xcdatamodeld */,
				D11E03012D70356B0005FAAD /* UserInformationManager.swift */,
			);
			path = UserData;
			sourceTree = "<group>";
		};
		D1500D9D2D6EE0BF001DC4BF /* nasalization */ = {
			isa = PBXGroup;
			children = (
				D1500DA22D6EE156001DC4BF /* nasalization-rg.otf */,
			);
			path = nasalization;
			sourceTree = "<group>";
		};
/* End PBXGroup section */

/* Begin PBXNativeTarget section */
		D1500D7E2D6EDE1D001DC4BF /* CryptoRunner */ = {
			isa = PBXNativeTarget;
			buildConfigurationList = D1500D962D6EDE1E001DC4BF /* Build configuration list for PBXNativeTarget "CryptoRunner" */;
			buildPhases = (
				D1500D7B2D6EDE1D001DC4BF /* Sources */,
				D1500D7C2D6EDE1D001DC4BF /* Frameworks */,
				D1500D7D2D6EDE1D001DC4BF /* Resources */,
			);
			buildRules = (
			);
			dependencies = (
			);
			name = CryptoRunner;
			packageProductDependencies = (
				D11E030D2D709FAE0005FAAD /* SnapKit */,
			);
			productName = CryptoRunner;
			productReference = D1500D7F2D6EDE1D001DC4BF /* CryptoRunner.app */;
			productType = "com.apple.product-type.application";
		};
/* End PBXNativeTarget section */

/* Begin PBXProject section */
		D1500D772D6EDE1D001DC4BF /* Project object */ = {
			isa = PBXProject;
			attributes = {
				BuildIndependentTargetsInParallel = 1;
				LastSwiftUpdateCheck = 1520;
				LastUpgradeCheck = 1520;
				TargetAttributes = {
					D1500D7E2D6EDE1D001DC4BF = {
						CreatedOnToolsVersion = 15.2;
					};
				};
			};
			buildConfigurationList = D1500D7A2D6EDE1D001DC4BF /* Build configuration list for PBXProject "CryptoRunner" */;
			compatibilityVersion = "Xcode 14.0";
			developmentRegion = en;
			hasScannedForEncodings = 0;
			knownRegions = (
				en,
				Base,
			);
			mainGroup = D1500D762D6EDE1D001DC4BF;
			packageReferences = (
				D11E030C2D709FAE0005FAAD /* XCRemoteSwiftPackageReference "SnapKit" */,
			);
			productRefGroup = D1500D802D6EDE1D001DC4BF /* Products */;
			projectDirPath = "";
			projectRoot = "";
			targets = (
				D1500D7E2D6EDE1D001DC4BF /* CryptoRunner */,
			);
		};
/* End PBXProject section */

/* Begin PBXResourcesBuildPhase section */
		D1500D7D2D6EDE1D001DC4BF /* Resources */ = {
			isa = PBXResourcesBuildPhase;
			buildActionMask = 2147483647;
			files = (
				D1500D922D6EDE1E001DC4BF /* LaunchScreen.storyboard in Resources */,
				D1500DA32D6EE156001DC4BF /* nasalization-rg.otf in Resources */,
				D1500D8F2D6EDE1E001DC4BF /* Assets.xcassets in Resources */,
				D1500D8A2D6EDE1D001DC4BF /* Main.storyboard in Resources */,
			);
			runOnlyForDeploymentPostprocessing = 0;
		};
/* End PBXResourcesBuildPhase section */

/* Begin PBXSourcesBuildPhase section */
		D1500D7B2D6EDE1D001DC4BF /* Sources */ = {
			isa = PBXSourcesBuildPhase;
			buildActionMask = 2147483647;
			files = (
				D1500D8D2D6EDE1D001DC4BF /* CryptoRunner.xcdatamodeld in Sources */,
				D11E02FC2D7021390005FAAD /* NFTRoomViewController.swift in Sources */,
				D11E03002D7025120005FAAD /* CustomAlertViewController.swift in Sources */,
				D11E02FE2D70218F0005FAAD /* HackModeViewController.swift in Sources */,
				D1500D872D6EDE1D001DC4BF /* InitialEnteringViewController.swift in Sources */,
				D11E02FA2D701C020005FAAD /* RunningMajorGameViewController.swift in Sources */,
				D1500D832D6EDE1D001DC4BF /* AppDelegate.swift in Sources */,
				D1500D852D6EDE1D001DC4BF /* SceneDelegate.swift in Sources */,
				D11E02F82D701B5B0005FAAD /* UserRootViewController.swift in Sources */,
				D11E03022D70356B0005FAAD /* UserInformationManager.swift in Sources */,
			);
			runOnlyForDeploymentPostprocessing = 0;
		};
/* End PBXSourcesBuildPhase section */

/* Begin PBXVariantGroup section */
		D1500D882D6EDE1D001DC4BF /* Main.storyboard */ = {
			isa = PBXVariantGroup;
			children = (
				D1500D892D6EDE1D001DC4BF /* Base */,
			);
			name = Main.storyboard;
			sourceTree = "<group>";
		};
		D1500D902D6EDE1E001DC4BF /* LaunchScreen.storyboard */ = {
			isa = PBXVariantGroup;
			children = (
				D1500D912D6EDE1E001DC4BF /* Base */,
			);
			name = LaunchScreen.storyboard;
			sourceTree = "<group>";
		};
/* End PBXVariantGroup section */

/* Begin XCBuildConfiguration section */
		D1500D942D6EDE1E001DC4BF /* Debug */ = {
			isa = XCBuildConfiguration;
			buildSettings = {
				ALWAYS_SEARCH_USER_PATHS = NO;
				ASSETCATALOG_COMPILER_GENERATE_SWIFT_ASSET_SYMBOL_EXTENSIONS = YES;
				CLANG_ANALYZER_NONNULL = YES;
				CLANG_ANALYZER_NUMBER_OBJECT_CONVERSION = YES_AGGRESSIVE;
				CLANG_CXX_LANGUAGE_STANDARD = "gnu++20";
				CLANG_ENABLE_MODULES = YES;
				CLANG_ENABLE_OBJC_ARC = YES;
				CLANG_ENABLE_OBJC_WEAK = YES;
				CLANG_WARN_BLOCK_CAPTURE_AUTORELEASING = YES;
				CLANG_WARN_BOOL_CONVERSION = YES;
				CLANG_WARN_COMMA = YES;
				CLANG_WARN_CONSTANT_CONVERSION = YES;
				CLANG_WARN_DEPRECATED_OBJC_IMPLEMENTATIONS = YES;
				CLANG_WARN_DIRECT_OBJC_ISA_USAGE = YES_ERROR;
				CLANG_WARN_DOCUMENTATION_COMMENTS = YES;
				CLANG_WARN_EMPTY_BODY = YES;
				CLANG_WARN_ENUM_CONVERSION = YES;
				CLANG_WARN_INFINITE_RECURSION = YES;
				CLANG_WARN_INT_CONVERSION = YES;
				CLANG_WARN_NON_LITERAL_NULL_CONVERSION = YES;
				CLANG_WARN_OBJC_IMPLICIT_RETAIN_SELF = YES;
				CLANG_WARN_OBJC_LITERAL_CONVERSION = YES;
				CLANG_WARN_OBJC_ROOT_CLASS = YES_ERROR;
				CLANG_WARN_QUOTED_INCLUDE_IN_FRAMEWORK_HEADER = YES;
				CLANG_WARN_RANGE_LOOP_ANALYSIS = YES;
				CLANG_WARN_STRICT_PROTOTYPES = YES;
				CLANG_WARN_SUSPICIOUS_MOVE = YES;
				CLANG_WARN_UNGUARDED_AVAILABILITY = YES_AGGRESSIVE;
				CLANG_WARN_UNREACHABLE_CODE = YES;
				CLANG_WARN__DUPLICATE_METHOD_MATCH = YES;
				COPY_PHASE_STRIP = NO;
				DEBUG_INFORMATION_FORMAT = dwarf;
				ENABLE_STRICT_OBJC_MSGSEND = YES;
				ENABLE_TESTABILITY = YES;
				ENABLE_USER_SCRIPT_SANDBOXING = YES;
				GCC_C_LANGUAGE_STANDARD = gnu17;
				GCC_DYNAMIC_NO_PIC = NO;
				GCC_NO_COMMON_BLOCKS = YES;
				GCC_OPTIMIZATION_LEVEL = 0;
				GCC_PREPROCESSOR_DEFINITIONS = (
					"DEBUG=1",
					"$(inherited)",
				);
				GCC_WARN_64_TO_32_BIT_CONVERSION = YES;
				GCC_WARN_ABOUT_RETURN_TYPE = YES_ERROR;
				GCC_WARN_UNDECLARED_SELECTOR = YES;
				GCC_WARN_UNINITIALIZED_AUTOS = YES_AGGRESSIVE;
				GCC_WARN_UNUSED_FUNCTION = YES;
				GCC_WARN_UNUSED_VARIABLE = YES;
				IPHONEOS_DEPLOYMENT_TARGET = 17.2;
				LOCALIZATION_PREFERS_STRING_CATALOGS = YES;
				MTL_ENABLE_DEBUG_INFO = INCLUDE_SOURCE;
				MTL_FAST_MATH = YES;
				ONLY_ACTIVE_ARCH = YES;
				SDKROOT = iphoneos;
				SWIFT_ACTIVE_COMPILATION_CONDITIONS = "DEBUG $(inherited)";
				SWIFT_OPTIMIZATION_LEVEL = "-Onone";
			};
			name = Debug;
		};
		D1500D952D6EDE1E001DC4BF /* Release */ = {
			isa = XCBuildConfiguration;
			buildSettings = {
				ALWAYS_SEARCH_USER_PATHS = NO;
				ASSETCATALOG_COMPILER_GENERATE_SWIFT_ASSET_SYMBOL_EXTENSIONS = YES;
				CLANG_ANALYZER_NONNULL = YES;
				CLANG_ANALYZER_NUMBER_OBJECT_CONVERSION = YES_AGGRESSIVE;
				CLANG_CXX_LANGUAGE_STANDARD = "gnu++20";
				CLANG_ENABLE_MODULES = YES;
				CLANG_ENABLE_OBJC_ARC = YES;
				CLANG_ENABLE_OBJC_WEAK = YES;
				CLANG_WARN_BLOCK_CAPTURE_AUTORELEASING = YES;
				CLANG_WARN_BOOL_CONVERSION = YES;
				CLANG_WARN_COMMA = YES;
				CLANG_WARN_CONSTANT_CONVERSION = YES;
				CLANG_WARN_DEPRECATED_OBJC_IMPLEMENTATIONS = YES;
				CLANG_WARN_DIRECT_OBJC_ISA_USAGE = YES_ERROR;
				CLANG_WARN_DOCUMENTATION_COMMENTS = YES;
				CLANG_WARN_EMPTY_BODY = YES;
				CLANG_WARN_ENUM_CONVERSION = YES;
				CLANG_WARN_INFINITE_RECURSION = YES;
				CLANG_WARN_INT_CONVERSION = YES;
				CLANG_WARN_NON_LITERAL_NULL_CONVERSION = YES;
				CLANG_WARN_OBJC_IMPLICIT_RETAIN_SELF = YES;
				CLANG_WARN_OBJC_LITERAL_CONVERSION = YES;
				CLANG_WARN_OBJC_ROOT_CLASS = YES_ERROR;
				CLANG_WARN_QUOTED_INCLUDE_IN_FRAMEWORK_HEADER = YES;
				CLANG_WARN_RANGE_LOOP_ANALYSIS = YES;
				CLANG_WARN_STRICT_PROTOTYPES = YES;
				CLANG_WARN_SUSPICIOUS_MOVE = YES;
				CLANG_WARN_UNGUARDED_AVAILABILITY = YES_AGGRESSIVE;
				CLANG_WARN_UNREACHABLE_CODE = YES;
				CLANG_WARN__DUPLICATE_METHOD_MATCH = YES;
				COPY_PHASE_STRIP = NO;
				DEBUG_INFORMATION_FORMAT = "dwarf-with-dsym";
				ENABLE_NS_ASSERTIONS = NO;
				ENABLE_STRICT_OBJC_MSGSEND = YES;
				ENABLE_USER_SCRIPT_SANDBOXING = YES;
				GCC_C_LANGUAGE_STANDARD = gnu17;
				GCC_NO_COMMON_BLOCKS = YES;
				GCC_WARN_64_TO_32_BIT_CONVERSION = YES;
				GCC_WARN_ABOUT_RETURN_TYPE = YES_ERROR;
				GCC_WARN_UNDECLARED_SELECTOR = YES;
				GCC_WARN_UNINITIALIZED_AUTOS = YES_AGGRESSIVE;
				GCC_WARN_UNUSED_FUNCTION = YES;
				GCC_WARN_UNUSED_VARIABLE = YES;
				IPHONEOS_DEPLOYMENT_TARGET = 17.2;
				LOCALIZATION_PREFERS_STRING_CATALOGS = YES;
				MTL_ENABLE_DEBUG_INFO = NO;
				MTL_FAST_MATH = YES;
				SDKROOT = iphoneos;
				SWIFT_COMPILATION_MODE = wholemodule;
				VALIDATE_PRODUCT = YES;
			};
			name = Release;
		};
		D1500D972D6EDE1E001DC4BF /* Debug */ = {
			isa = XCBuildConfiguration;
			buildSettings = {
				ASSETCATALOG_COMPILER_APPICON_NAME = AppIcon;
				ASSETCATALOG_COMPILER_GLOBAL_ACCENT_COLOR_NAME = AccentColor;
				CODE_SIGN_STYLE = Automatic;
				CURRENT_PROJECT_VERSION = 1;
				DEVELOPMENT_TEAM = F993U8JD2Q;
				GENERATE_INFOPLIST_FILE = YES;
				INFOPLIST_FILE = CryptoRunner/Info.plist;
				INFOPLIST_KEY_UIApplicationSupportsIndirectInputEvents = YES;
				INFOPLIST_KEY_UILaunchStoryboardName = LaunchScreen;
				INFOPLIST_KEY_UIMainStoryboardFile = Main;
				INFOPLIST_KEY_UISupportedInterfaceOrientations = UIInterfaceOrientationPortrait;
				INFOPLIST_KEY_UISupportedInterfaceOrientations_iPad = "UIInterfaceOrientationLandscapeLeft UIInterfaceOrientationLandscapeRight UIInterfaceOrientationPortrait UIInterfaceOrientationPortraitUpsideDown";
				IPHONEOS_DEPLOYMENT_TARGET = 15.0;
				LD_RUNPATH_SEARCH_PATHS = (
					"$(inherited)",
					"@executable_path/Frameworks",
				);
				MARKETING_VERSION = 1.0;
				PRODUCT_BUNDLE_IDENTIFIER = com.development.CryptoRunner;
				PRODUCT_NAME = "$(TARGET_NAME)";
				SUPPORTED_PLATFORMS = "iphoneos iphonesimulator";
				SUPPORTS_MACCATALYST = NO;
				SUPPORTS_MAC_DESIGNED_FOR_IPHONE_IPAD = NO;
				SUPPORTS_XR_DESIGNED_FOR_IPHONE_IPAD = NO;
				SWIFT_EMIT_LOC_STRINGS = YES;
				SWIFT_VERSION = 5.0;
				TARGETED_DEVICE_FAMILY = 1;
			};
			name = Debug;
		};
		D1500D982D6EDE1E001DC4BF /* Release */ = {
			isa = XCBuildConfiguration;
			buildSettings = {
				ASSETCATALOG_COMPILER_APPICON_NAME = AppIcon;
				ASSETCATALOG_COMPILER_GLOBAL_ACCENT_COLOR_NAME = AccentColor;
				CODE_SIGN_STYLE = Automatic;
				CURRENT_PROJECT_VERSION = 1;
				DEVELOPMENT_TEAM = F993U8JD2Q;
				GENERATE_INFOPLIST_FILE = YES;
				INFOPLIST_FILE = CryptoRunner/Info.plist;
				INFOPLIST_KEY_UIApplicationSupportsIndirectInputEvents = YES;
				INFOPLIST_KEY_UILaunchStoryboardName = LaunchScreen;
				INFOPLIST_KEY_UIMainStoryboardFile = Main;
				INFOPLIST_KEY_UISupportedInterfaceOrientations = UIInterfaceOrientationPortrait;
				INFOPLIST_KEY_UISupportedInterfaceOrientations_iPad = "UIInterfaceOrientationLandscapeLeft UIInterfaceOrientationLandscapeRight UIInterfaceOrientationPortrait UIInterfaceOrientationPortraitUpsideDown";
				IPHONEOS_DEPLOYMENT_TARGET = 15.0;
				LD_RUNPATH_SEARCH_PATHS = (
					"$(inherited)",
					"@executable_path/Frameworks",
				);
				MARKETING_VERSION = 1.0;
				PRODUCT_BUNDLE_IDENTIFIER = com.development.CryptoRunner;
				PRODUCT_NAME = "$(TARGET_NAME)";
				SUPPORTED_PLATFORMS = "iphoneos iphonesimulator";
				SUPPORTS_MACCATALYST = NO;
				SUPPORTS_MAC_DESIGNED_FOR_IPHONE_IPAD = NO;
				SUPPORTS_XR_DESIGNED_FOR_IPHONE_IPAD = NO;
				SWIFT_EMIT_LOC_STRINGS = YES;
				SWIFT_VERSION = 5.0;
				TARGETED_DEVICE_FAMILY = 1;
			};
			name = Release;
		};
/* End XCBuildConfiguration section */

/* Begin XCConfigurationList section */
		D1500D7A2D6EDE1D001DC4BF /* Build configuration list for PBXProject "CryptoRunner" */ = {
			isa = XCConfigurationList;
			buildConfigurations = (
				D1500D942D6EDE1E001DC4BF /* Debug */,
				D1500D952D6EDE1E001DC4BF /* Release */,
			);
			defaultConfigurationIsVisible = 0;
			defaultConfigurationName = Release;
		};
		D1500D962D6EDE1E001DC4BF /* Build configuration list for PBXNativeTarget "CryptoRunner" */ = {
			isa = XCConfigurationList;
			buildConfigurations = (
				D1500D972D6EDE1E001DC4BF /* Debug */,
				D1500D982D6EDE1E001DC4BF /* Release */,
			);
			defaultConfigurationIsVisible = 0;
			defaultConfigurationName = Release;
		};
/* End XCConfigurationList section */

/* Begin XCRemoteSwiftPackageReference section */
		D11E030C2D709FAE0005FAAD /* XCRemoteSwiftPackageReference "SnapKit" */ = {
			isa = XCRemoteSwiftPackageReference;
			repositoryURL = "https://github.com/SnapKit/SnapKit.git";
			requirement = {
				kind = upToNextMajorVersion;
				minimumVersion = 5.7.1;
			};
		};
/* End XCRemoteSwiftPackageReference section */

/* Begin XCSwiftPackageProductDependency section */
		D11E030D2D709FAE0005FAAD /* SnapKit */ = {
			isa = XCSwiftPackageProductDependency;
			package = D11E030C2D709FAE0005FAAD /* XCRemoteSwiftPackageReference "SnapKit" */;
			productName = SnapKit;
		};
/* End XCSwiftPackageProductDependency section */

/* Begin XCVersionGroup section */
		D1500D8B2D6EDE1D001DC4BF /* CryptoRunner.xcdatamodeld */ = {
			isa = XCVersionGroup;
			children = (
				D1500D8C2D6EDE1D001DC4BF /* CryptoRunner.xcdatamodel */,
			);
			currentVersion = D1500D8C2D6EDE1D001DC4BF /* CryptoRunner.xcdatamodel */;
			path = CryptoRunner.xcdatamodeld;
			sourceTree = "<group>";
			versionGroupType = wrapper.xcdatamodel;
		};
/* End XCVersionGroup section */
	};
	rootObject = D1500D772D6EDE1D001DC4BF /* Project object */;
}
